
Microsoft Visual Studio Solution File, Format Version 12.00
# Visual Studio Version 16
VisualStudioVersion = 16.0.29920.165
MinimumVisualStudioVersion = 10.0.40219.1
Project("{FAE04EC0-301F-11D3-BF4B-00C04F79EFBC}") = "CardDeck.Domain", "CardDeck.Domain.csproj", "{4965743A-D690-4CA0-8236-953EE5283349}"
EndProject
Project("{FAE04EC0-301F-11D3-BF4B-00C04F79EFBC}") = "CardDeck.Application", "..\CardDeck.Application\CardDeck.Application.csproj", "{A85D6DC5-BAEF-4146-90C8-36AB0D4AD5A6}"
EndProject
Project("{FAE04EC0-301F-11D3-BF4B-00C04F79EFBC}") = "CardDeck.ConsoleUI", "..\CardDeck.ConsoleUI\CardDeck.ConsoleUI.csproj", "{C252B5E9-6750-4101-BC49-27B892A947BC}"
EndProject
Global
	GlobalSection(SolutionConfigurationPlatforms) = preSolution
		Debug|Any CPU = Debug|Any CPU
		Release|Any CPU = Release|Any CPU
	EndGlobalSection
	GlobalSection(ProjectConfigurationPlatforms) = postSolution
		{4965743A-D690-4CA0-8236-953EE5283349}.Debug|Any CPU.ActiveCfg = Debug|Any CPU
		{4965743A-D690-4CA0-8236-953EE5283349}.Debug|Any CPU.Build.0 = Debug|Any CPU
		{4965743A-D690-4CA0-8236-953EE5283349}.Release|Any CPU.ActiveCfg = Release|Any CPU
		{4965743A-D690-4CA0-8236-953EE5283349}.Release|Any CPU.Build.0 = Release|Any CPU
		{A85D6DC5-BAEF-4146-90C8-36AB0D4AD5A6}.Debug|Any CPU.ActiveCfg = Debug|Any CPU
		{A85D6DC5-BAEF-4146-90C8-36AB0D4AD5A6}.Debug|Any CPU.Build.0 = Debug|Any CPU
		{A85D6DC5-BAEF-4146-90C8-36AB0D4AD5A6}.Release|Any CPU.ActiveCfg = Release|Any CPU
		{A85D6DC5-BAEF-4146-90C8-36AB0D4AD5A6}.Release|Any CPU.Build.0 = Release|Any CPU
		{C252B5E9-6750-4101-BC49-27B892A947BC}.Debug|Any CPU.ActiveCfg = Debug|Any CPU
		{C252B5E9-6750-4101-BC49-27B892A947BC}.Debug|Any CPU.Build.0 = Debug|Any CPU
		{C252B5E9-6750-4101-BC49-27B892A947BC}.Release|Any CPU.ActiveCfg = Release|Any CPU
		{C252B5E9-6750-4101-BC49-27B892A947BC}.Release|Any CPU.Build.0 = Release|Any CPU
	EndGlobalSection
	GlobalSection(SolutionProperties) = preSolution
		HideSolutionNode = FALSE
	EndGlobalSection
	GlobalSection(ExtensibilityGlobals) = postSolution
		SolutionGuid = {191160B0-8018-4857-8BB0-ACFF93BD0BB4}
	EndGlobalSection
EndGlobal
